{
    "_readme": [
        "This file locks the dependencies of your project to a known state",
        "Read more about it at https://getcomposer.org/doc/01-basic-usage.md#installing-dependencies",
        "This file is @generated automatically"
    ],
    "content-hash": "20d7d7f735a3590ff52fa2adbc970a87",
    "packages": [
        {
            "name": "nicolab/php-ftp-client",
            "version": "v1.5.3",
            "source": {
                "type": "git",
                "url": "https://github.com/Nicolab/php-ftp-client.git",
                "reference": "692ea47a87049cf6b4f4dbce935e0551364e0576"
            },
            "dist": {
                "type": "zip",
                "url": "https://api.github.com/repos/Nicolab/php-ftp-client/zipball/692ea47a87049cf6b4f4dbce935e0551364e0576",
                "reference": "692ea47a87049cf6b4f4dbce935e0551364e0576",
                "shasum": ""
            },
            "require": {
                "ext-ftp": "*",
                "php": ">=5.4"
            },
            "type": "library",
            "autoload": {
                "psr-0": {
                    "FtpClient": "src/"
                }
            },
            "notification-url": "https://packagist.org/downloads/",
            "license": [
                "MIT"
            ],
            "authors": [
                {
                    "name": "Nicolas Tallefourtane",
                    "email": "dev@nicolab.net",
                    "homepage": "http://nicolab.net"
                }
            ],
            "description": "A flexible FTP and SSL-FTP client for PHP. This lib provides helpers easy to use to manage the remote files.",
            "homepage": "https://github.com/Nicolab/php-ftp-client",
            "keywords": [
                "file",
                "ftp",
                "helper",
                "lib",
                "server",
                "sftp",
                "ssl",
                "ssl-ftp"
            ],
            "time": "2020-03-09T13:56:46+00:00"
        }
    ],
    "packages-dev": [],
    "aliases": [],
    "minimum-stability": "stable",
    "stability-flags": [],
    "prefer-stable": false,
    "prefer-lowest": false,
    "platform": [],
    "platform-dev": [],
    "plugin-api-version": "1.1.0"
}
